
Microsoft Visual Studio Solution File, Format Version 12.00
# Visual Studio Version 17
VisualStudioVersion = 17.1.32319.34
MinimumVisualStudioVersion = 10.0.40219.1
Project("{9A19103F-16F7-4668-BE54-9A1E7A4F7556}") = "StringLibrary", "StringLibrary\StringLibrary.csproj", "{6BBBC8BC-5BFE-4FA8-B346-99FBACA168A0}"
EndProject
Project("{FAE04EC0-301F-11D3-BF4B-00C04F79EFBC}") = "ShowCase", "ShowCase\ShowCase.csproj", "{88B230E9-C33E-4099-B707-C50D52600FD2}"
EndProject
Global
	GlobalSection(SolutionConfigurationPlatforms) = preSolution
		Debug|Any CPU = Debug|Any CPU
		Release|Any CPU = Release|Any CPU
	EndGlobalSection
	GlobalSection(ProjectConfigurationPlatforms) = postSolution
		{6BBBC8BC-5BFE-4FA8-B346-99FBACA168A0}.Debug|Any CPU.ActiveCfg = Debug|Any CPU
		{6BBBC8BC-5BFE-4FA8-B346-99FBACA168A0}.Debug|Any CPU.Build.0 = Debug|Any CPU
		{6BBBC8BC-5BFE-4FA8-B346-99FBACA168A0}.Release|Any CPU.ActiveCfg = Release|Any CPU
		{6BBBC8BC-5BFE-4FA8-B346-99FBACA168A0}.Release|Any CPU.Build.0 = Release|Any CPU
		{88B230E9-C33E-4099-B707-C50D52600FD2}.Debug|Any CPU.ActiveCfg = Debug|Any CPU
		{88B230E9-C33E-4099-B707-C50D52600FD2}.Debug|Any CPU.Build.0 = Debug|Any CPU
		{88B230E9-C33E-4099-B707-C50D52600FD2}.Release|Any CPU.ActiveCfg = Release|Any CPU
		{88B230E9-C33E-4099-B707-C50D52600FD2}.Release|Any CPU.Build.0 = Release|Any CPU
	EndGlobalSection
	GlobalSection(SolutionProperties) = preSolution
		HideSolutionNode = FALSE
	EndGlobalSection
	GlobalSection(ExtensibilityGlobals) = postSolution
		SolutionGuid = {98083F3E-C9F4-48EC-BFFD-0F9BB8EEAFB4}
	EndGlobalSection
EndGlobal
